
Microsoft Visual Studio Solution File, Format Version 12.00
# Visual Studio Version 17
VisualStudioVersion = 17.13.35931.197
MinimumVisualStudioVersion = 10.0.40219.1
Project("{8BC9CEB8-8B4A-11D0-8D11-00A0C91BC942}") = "pscuda_12_0", "period_search_cuda\pscuda_12_0.vcxproj", "{2F92DCB3-5B07-4041-BC24-34399FB3480D}"
EndProject
Project("{8BC9CEB8-8B4A-11D0-8D11-00A0C91BC942}") = "ps_common_2022", "period_search_common\ps_common_2022.vcxproj", "{11512441-BBDA-4B9D-8A83-A7262E2FD24D}"
EndProject
Global
	GlobalSection(SolutionConfigurationPlatforms) = preSolution
		Debug|x64 = Debug|x64
		Release|x64 = Release|x64
	EndGlobalSection
	GlobalSection(ProjectConfigurationPlatforms) = postSolution
		{2F92DCB3-5B07-4041-BC24-34399FB3480D}.Debug|x64.ActiveCfg = Debug|x64
		{2F92DCB3-5B07-4041-BC24-34399FB3480D}.Debug|x64.Build.0 = Debug|x64
		{2F92DCB3-5B07-4041-BC24-34399FB3480D}.Release|x64.ActiveCfg = Release|x64
		{2F92DCB3-5B07-4041-BC24-34399FB3480D}.Release|x64.Build.0 = Release|x64
		{11512441-BBDA-4B9D-8A83-A7262E2FD24D}.Debug|x64.ActiveCfg = Debug|x64
		{11512441-BBDA-4B9D-8A83-A7262E2FD24D}.Debug|x64.Build.0 = Debug|x64
		{11512441-BBDA-4B9D-8A83-A7262E2FD24D}.Release|x64.ActiveCfg = Release|x64
		{11512441-BBDA-4B9D-8A83-A7262E2FD24D}.Release|x64.Build.0 = Release|x64
	EndGlobalSection
	GlobalSection(SolutionProperties) = preSolution
		HideSolutionNode = FALSE
	EndGlobalSection
	GlobalSection(ExtensibilityGlobals) = postSolution
		SolutionGuid = {360EEA44-0585-4E87-8167-4662D3A6A0C2}
	EndGlobalSection
EndGlobal
